
Microsoft Visual Studio Solution File, Format Version 12.00
# Visual Studio Version 16
VisualStudioVersion = 16.0.29613.14
MinimumVisualStudioVersion = 10.0.40219.1
Project("{2150E333-8FDC-42A3-9474-1A3956D46DE8}") = "src", "src", "{0CA2F610-6D57-4D1F-92E3-EDCCEDAD8297}"
EndProject
Project("{2150E333-8FDC-42A3-9474-1A3956D46DE8}") = "Solution Items", "Solution Items", "{F72DED29-7BF7-4870-81B4-7AFE91270530}"
	ProjectSection(SolutionItems) = preProject
		.gitignore = .gitignore
		LICENSE = LICENSE
		README.md = README.md
		.github\workflows\dotnetcore.yml = .github\workflows\dotnetcore.yml
	EndProjectSection
EndProject
Project("{9A19103F-16F7-4668-BE54-9A1E7A4F7556}") = "eQuantic.Core.Data.MongoDb", "src\eQuantic.Core.Data.MongoDb.csproj", "{78B2A404-6C73-48DD-AC38-0C47F3DF7D2A}"
EndProject
Project("{FAE04EC0-301F-11D3-BF4B-00C04F79EFBC}") = "eQuantic.Core.Data.MongoDb.Tests", "tests\eQuantic.Core.Data.MongoDb.Tests\eQuantic.Core.Data.MongoDb.Tests.csproj", "{2ED540F9-E38F-46EB-8223-BCD81E4A471A}"
EndProject
Project("{2150E333-8FDC-42A3-9474-1A3956D46DE8}") = "tests", "tests", "{A57D820D-62C0-4232-AC83-37848EBDDEF1}"
EndProject
Global
	GlobalSection(SolutionConfigurationPlatforms) = preSolution
		Debug|Any CPU = Debug|Any CPU
		Release|Any CPU = Release|Any CPU
	EndGlobalSection
	GlobalSection(ProjectConfigurationPlatforms) = postSolution
		{78B2A404-6C73-48DD-AC38-0C47F3DF7D2A}.Debug|Any CPU.ActiveCfg = Debug|Any CPU
		{78B2A404-6C73-48DD-AC38-0C47F3DF7D2A}.Debug|Any CPU.Build.0 = Debug|Any CPU
		{78B2A404-6C73-48DD-AC38-0C47F3DF7D2A}.Release|Any CPU.ActiveCfg = Release|Any CPU
		{78B2A404-6C73-48DD-AC38-0C47F3DF7D2A}.Release|Any CPU.Build.0 = Release|Any CPU
		{2ED540F9-E38F-46EB-8223-BCD81E4A471A}.Debug|Any CPU.ActiveCfg = Debug|Any CPU
		{2ED540F9-E38F-46EB-8223-BCD81E4A471A}.Debug|Any CPU.Build.0 = Debug|Any CPU
		{2ED540F9-E38F-46EB-8223-BCD81E4A471A}.Release|Any CPU.ActiveCfg = Release|Any CPU
		{2ED540F9-E38F-46EB-8223-BCD81E4A471A}.Release|Any CPU.Build.0 = Release|Any CPU
	EndGlobalSection
	GlobalSection(SolutionProperties) = preSolution
		HideSolutionNode = FALSE
	EndGlobalSection
	GlobalSection(NestedProjects) = preSolution
		{78B2A404-6C73-48DD-AC38-0C47F3DF7D2A} = {0CA2F610-6D57-4D1F-92E3-EDCCEDAD8297}
		{2ED540F9-E38F-46EB-8223-BCD81E4A471A} = {A57D820D-62C0-4232-AC83-37848EBDDEF1}
	EndGlobalSection
	GlobalSection(ExtensibilityGlobals) = postSolution
		SolutionGuid = {0714A2C7-DE4E-4470-83D7-CBC22653FFD4}
	EndGlobalSection
EndGlobal
